
Microsoft Visual Studio Solution File, Format Version 12.00
# Visual Studio Version 16
VisualStudioVersion = 16.0.29911.98
MinimumVisualStudioVersion = 10.0.40219.1
Project("{FAE04EC0-301F-11D3-BF4B-00C04F79EFBC}") = "AppThemePlayground.UWP", "AppThemePlayground\AppThemePlayground.UWP\AppThemePlayground.UWP.csproj", "{1D607F21-3D24-4B16-B86E-98F51BC15D1E}"
EndProject
Project("{FAE04EC0-301F-11D3-BF4B-00C04F79EFBC}") = "AppThemePlayground.Android", "AppThemePlayground\AppThemePlayground.Android\AppThemePlayground.Android.csproj", "{0E62D1A4-0522-449A-B40D-E8DB97B74B98}"
EndProject
Project("{FAE04EC0-301F-11D3-BF4B-00C04F79EFBC}") = "AppThemePlayground.iOS", "AppThemePlayground\AppThemePlayground.iOS\AppThemePlayground.iOS.csproj", "{B3B79AA4-2520-4B04-9988-3B80DDBDDACC}"
EndProject
Project("{FAE04EC0-301F-11D3-BF4B-00C04F79EFBC}") = "AppThemePlayground", "AppThemePlayground\AppThemePlayground\AppThemePlayground.csproj", "{A7C95ABB-CDA0-42BD-B87B-EED224D73E5F}"
EndProject
Global
	GlobalSection(SolutionConfigurationPlatforms) = preSolution
		Debug|Any CPU = Debug|Any CPU
		Debug|ARM = Debug|ARM
		Debug|iPhone = Debug|iPhone
		Debug|iPhoneSimulator = Debug|iPhoneSimulator
		Debug|x64 = Debug|x64
		Debug|x86 = Debug|x86
		Release|Any CPU = Release|Any CPU
		Release|ARM = Release|ARM
		Release|iPhone = Release|iPhone
		Release|iPhoneSimulator = Release|iPhoneSimulator
		Release|x64 = Release|x64
		Release|x86 = Release|x86
	EndGlobalSection
	GlobalSection(ProjectConfigurationPlatforms) = postSolution
		{1D607F21-3D24-4B16-B86E-98F51BC15D1E}.Debug|Any CPU.ActiveCfg = Debug|x86
		{1D607F21-3D24-4B16-B86E-98F51BC15D1E}.Debug|Any CPU.Build.0 = Debug|x86
		{1D607F21-3D24-4B16-B86E-98F51BC15D1E}.Debug|Any CPU.Deploy.0 = Debug|x86
		{1D607F21-3D24-4B16-B86E-98F51BC15D1E}.Debug|ARM.ActiveCfg = Debug|ARM
		{1D607F21-3D24-4B16-B86E-98F51BC15D1E}.Debug|ARM.Build.0 = Debug|ARM
		{1D607F21-3D24-4B16-B86E-98F51BC15D1E}.Debug|ARM.Deploy.0 = Debug|ARM
		{1D607F21-3D24-4B16-B86E-98F51BC15D1E}.Debug|iPhone.ActiveCfg = Debug|x86
		{1D607F21-3D24-4B16-B86E-98F51BC15D1E}.Debug|iPhone.Build.0 = Debug|x86
		{1D607F21-3D24-4B16-B86E-98F51BC15D1E}.Debug|iPhone.Deploy.0 = Debug|x86
		{1D607F21-3D24-4B16-B86E-98F51BC15D1E}.Debug|iPhoneSimulator.ActiveCfg = Debug|x86
		{1D607F21-3D24-4B16-B86E-98F51BC15D1E}.Debug|iPhoneSimulator.Build.0 = Debug|x86
		{1D607F21-3D24-4B16-B86E-98F51BC15D1E}.Debug|iPhoneSimulator.Deploy.0 = Debug|x86
		{1D607F21-3D24-4B16-B86E-98F51BC15D1E}.Debug|x64.ActiveCfg = Debug|x64
		{1D607F21-3D24-4B16-B86E-98F51BC15D1E}.Debug|x64.Build.0 = Debug|x64
		{1D607F21-3D24-4B16-B86E-98F51BC15D1E}.Debug|x64.Deploy.0 = Debug|x64
		{1D607F21-3D24-4B16-B86E-98F51BC15D1E}.Debug|x86.ActiveCfg = Debug|x86
		{1D607F21-3D24-4B16-B86E-98F51BC15D1E}.Debug|x86.Build.0 = Debug|x86
		{1D607F21-3D24-4B16-B86E-98F51BC15D1E}.Debug|x86.Deploy.0 = Debug|x86
		{1D607F21-3D24-4B16-B86E-98F51BC15D1E}.Release|Any CPU.ActiveCfg = Release|x86
		{1D607F21-3D24-4B16-B86E-98F51BC15D1E}.Release|Any CPU.Build.0 = Release|x86
		{1D607F21-3D24-4B16-B86E-98F51BC15D1E}.Release|Any CPU.Deploy.0 = Release|x86
		{1D607F21-3D24-4B16-B86E-98F51BC15D1E}.Release|ARM.ActiveCfg = Release|ARM
		{1D607F21-3D24-4B16-B86E-98F51BC15D1E}.Release|ARM.Build.0 = Release|ARM
		{1D607F21-3D24-4B16-B86E-98F51BC15D1E}.Release|ARM.Deploy.0 = Release|ARM
		{1D607F21-3D24-4B16-B86E-98F51BC15D1E}.Release|iPhone.ActiveCfg = Release|x86
		{1D607F21-3D24-4B16-B86E-98F51BC15D1E}.Release|iPhone.Build.0 = Release|x86
		{1D607F21-3D24-4B16-B86E-98F51BC15D1E}.Release|iPhone.Deploy.0 = Release|x86
		{1D607F21-3D24-4B16-B86E-98F51BC15D1E}.Release|iPhoneSimulator.ActiveCfg = Release|x86
		{1D607F21-3D24-4B16-B86E-98F51BC15D1E}.Release|iPhoneSimulator.Build.0 = Release|x86
		{1D607F21-3D24-4B16-B86E-98F51BC15D1E}.Release|iPhoneSimulator.Deploy.0 = Release|x86
		{1D607F21-3D24-4B16-B86E-98F51BC15D1E}.Release|x64.ActiveCfg = Release|x64
		{1D607F21-3D24-4B16-B86E-98F51BC15D1E}.Release|x64.Build.0 = Release|x64
		{1D607F21-3D24-4B16-B86E-98F51BC15D1E}.Release|x64.Deploy.0 = Release|x64
		{1D607F21-3D24-4B16-B86E-98F51BC15D1E}.Release|x86.ActiveCfg = Release|x86
		{1D607F21-3D24-4B16-B86E-98F51BC15D1E}.Release|x86.Build.0 = Release|x86
		{1D607F21-3D24-4B16-B86E-98F51BC15D1E}.Release|x86.Deploy.0 = Release|x86
		{0E62D1A4-0522-449A-B40D-E8DB97B74B98}.Debug|Any CPU.ActiveCfg = Debug|Any CPU
		{0E62D1A4-0522-449A-B40D-E8DB97B74B98}.Debug|Any CPU.Build.0 = Debug|Any CPU
		{0E62D1A4-0522-449A-B40D-E8DB97B74B98}.Debug|Any CPU.Deploy.0 = Debug|Any CPU
		{0E62D1A4-0522-449A-B40D-E8DB97B74B98}.Debug|ARM.ActiveCfg = Debug|Any CPU
		{0E62D1A4-0522-449A-B40D-E8DB97B74B98}.Debug|ARM.Build.0 = Debug|Any CPU
		{0E62D1A4-0522-449A-B40D-E8DB97B74B98}.Debug|ARM.Deploy.0 = Debug|Any CPU
		{0E62D1A4-0522-449A-B40D-E8DB97B74B98}.Debug|iPhone.ActiveCfg = Debug|Any CPU
		{0E62D1A4-0522-449A-B40D-E8DB97B74B98}.Debug|iPhone.Build.0 = Debug|Any CPU
		{0E62D1A4-0522-449A-B40D-E8DB97B74B98}.Debug|iPhone.Deploy.0 = Debug|Any CPU
		{0E62D1A4-0522-449A-B40D-E8DB97B74B98}.Debug|iPhoneSimulator.ActiveCfg = Debug|Any CPU
		{0E62D1A4-0522-449A-B40D-E8DB97B74B98}.Debug|iPhoneSimulator.Build.0 = Debug|Any CPU
		{0E62D1A4-0522-449A-B40D-E8DB97B74B98}.Debug|iPhoneSimulator.Deploy.0 = Debug|Any CPU
		{0E62D1A4-0522-449A-B40D-E8DB97B74B98}.Debug|x64.ActiveCfg = Debug|Any CPU
		{0E62D1A4-0522-449A-B40D-E8DB97B74B98}.Debug|x64.Build.0 = Debug|Any CPU
		{0E62D1A4-0522-449A-B40D-E8DB97B74B98}.Debug|x64.Deploy.0 = Debug|Any CPU
		{0E62D1A4-0522-449A-B40D-E8DB97B74B98}.Debug|x86.ActiveCfg = Debug|Any CPU
		{0E62D1A4-0522-449A-B40D-E8DB97B74B98}.Debug|x86.Build.0 = Debug|Any CPU
		{0E62D1A4-0522-449A-B40D-E8DB97B74B98}.Debug|x86.Deploy.0 = Debug|Any CPU
		{0E62D1A4-0522-449A-B40D-E8DB97B74B98}.Release|Any CPU.ActiveCfg = Release|Any CPU
		{0E62D1A4-0522-449A-B40D-E8DB97B74B98}.Release|Any CPU.Build.0 = Release|Any CPU
		{0E62D1A4-0522-449A-B40D-E8DB97B74B98}.Release|Any CPU.Deploy.0 = Release|Any CPU
		{0E62D1A4-0522-449A-B40D-E8DB97B74B98}.Release|ARM.ActiveCfg = Release|Any CPU
		{0E62D1A4-0522-449A-B40D-E8DB97B74B98}.Release|ARM.Build.0 = Release|Any CPU
		{0E62D1A4-0522-449A-B40D-E8DB97B74B98}.Release|ARM.Deploy.0 = Release|Any CPU
		{0E62D1A4-0522-449A-B40D-E8DB97B74B98}.Release|iPhone.ActiveCfg = Release|Any CPU
		{0E62D1A4-0522-449A-B40D-E8DB97B74B98}.Release|iPhone.Build.0 = Release|Any CPU
		{0E62D1A4-0522-449A-B40D-E8DB97B74B98}.Release|iPhone.Deploy.0 = Release|Any CPU
		{0E62D1A4-0522-449A-B40D-E8DB97B74B98}.Release|iPhoneSimulator.ActiveCfg = Release|Any CPU
		{0E62D1A4-0522-449A-B40D-E8DB97B74B98}.Release|iPhoneSimulator.Build.0 = Release|Any CPU
		{0E62D1A4-0522-449A-B40D-E8DB97B74B98}.Release|iPhoneSimulator.Deploy.0 = Release|Any CPU
		{0E62D1A4-0522-449A-B40D-E8DB97B74B98}.Release|x64.ActiveCfg = Release|Any CPU
		{0E62D1A4-0522-449A-B40D-E8DB97B74B98}.Release|x64.Build.0 = Release|Any CPU
		{0E62D1A4-0522-449A-B40D-E8DB97B74B98}.Release|x64.Deploy.0 = Release|Any CPU
		{0E62D1A4-0522-449A-B40D-E8DB97B74B98}.Release|x86.ActiveCfg = Release|Any CPU
		{0E62D1A4-0522-449A-B40D-E8DB97B74B98}.Release|x86.Build.0 = Release|Any CPU
		{0E62D1A4-0522-449A-B40D-E8DB97B74B98}.Release|x86.Deploy.0 = Release|Any CPU
		{B3B79AA4-2520-4B04-9988-3B80DDBDDACC}.Debug|Any CPU.ActiveCfg = Debug|iPhone
		{B3B79AA4-2520-4B04-9988-3B80DDBDDACC}.Debug|Any CPU.Build.0 = Debug|iPhone
		{B3B79AA4-2520-4B04-9988-3B80DDBDDACC}.Debug|Any CPU.Deploy.0 = Debug|iPhone
		{B3B79AA4-2520-4B04-9988-3B80DDBDDACC}.Debug|ARM.ActiveCfg = Debug|iPhone
		{B3B79AA4-2520-4B04-9988-3B80DDBDDACC}.Debug|ARM.Build.0 = Debug|iPhone
		{B3B79AA4-2520-4B04-9988-3B80DDBDDACC}.Debug|ARM.Deploy.0 = Debug|iPhone
		{B3B79AA4-2520-4B04-9988-3B80DDBDDACC}.Debug|iPhone.ActiveCfg = Debug|iPhone
		{B3B79AA4-2520-4B04-9988-3B80DDBDDACC}.Debug|iPhone.Build.0 = Debug|iPhone
		{B3B79AA4-2520-4B04-9988-3B80DDBDDACC}.Debug|iPhone.Deploy.0 = Debug|iPhone
		{B3B79AA4-2520-4B04-9988-3B80DDBDDACC}.Debug|iPhoneSimulator.ActiveCfg = Debug|iPhoneSimulator
		{B3B79AA4-2520-4B04-9988-3B80DDBDDACC}.Debug|iPhoneSimulator.Build.0 = Debug|iPhoneSimulator
		{B3B79AA4-2520-4B04-9988-3B80DDBDDACC}.Debug|iPhoneSimulator.Deploy.0 = Debug|iPhoneSimulator
		{B3B79AA4-2520-4B04-9988-3B80DDBDDACC}.Debug|x64.ActiveCfg = Debug|iPhone
		{B3B79AA4-2520-4B04-9988-3B80DDBDDACC}.Debug|x64.Build.0 = Debug|iPhone
		{B3B79AA4-2520-4B04-9988-3B80DDBDDACC}.Debug|x64.Deploy.0 = Debug|iPhone
		{B3B79AA4-2520-4B04-9988-3B80DDBDDACC}.Debug|x86.ActiveCfg = Debug|iPhone
		{B3B79AA4-2520-4B04-9988-3B80DDBDDACC}.Debug|x86.Build.0 = Debug|iPhone
		{B3B79AA4-2520-4B04-9988-3B80DDBDDACC}.Debug|x86.Deploy.0 = Debug|iPhone
		{B3B79AA4-2520-4B04-9988-3B80DDBDDACC}.Release|Any CPU.ActiveCfg = Release|iPhone
		{B3B79AA4-2520-4B04-9988-3B80DDBDDACC}.Release|Any CPU.Build.0 = Release|iPhone
		{B3B79AA4-2520-4B04-9988-3B80DDBDDACC}.Release|Any CPU.Deploy.0 = Release|iPhone
		{B3B79AA4-2520-4B04-9988-3B80DDBDDACC}.Release|ARM.ActiveCfg = Release|iPhone
		{B3B79AA4-2520-4B04-9988-3B80DDBDDACC}.Release|ARM.Build.0 = Release|iPhone
		{B3B79AA4-2520-4B04-9988-3B80DDBDDACC}.Release|ARM.Deploy.0 = Release|iPhone
		{B3B79AA4-2520-4B04-9988-3B80DDBDDACC}.Release|iPhone.ActiveCfg = Release|iPhone
		{B3B79AA4-2520-4B04-9988-3B80DDBDDACC}.Release|iPhone.Build.0 = Release|iPhone
		{B3B79AA4-2520-4B04-9988-3B80DDBDDACC}.Release|iPhone.Deploy.0 = Release|iPhone
		{B3B79AA4-2520-4B04-9988-3B80DDBDDACC}.Release|iPhoneSimulator.ActiveCfg = Release|iPhoneSimulator
		{B3B79AA4-2520-4B04-9988-3B80DDBDDACC}.Release|iPhoneSimulator.Build.0 = Release|iPhoneSimulator
		{B3B79AA4-2520-4B04-9988-3B80DDBDDACC}.Release|iPhoneSimulator.Deploy.0 = Release|iPhoneSimulator
		{B3B79AA4-2520-4B04-9988-3B80DDBDDACC}.Release|x64.ActiveCfg = Release|iPhone
		{B3B79AA4-2520-4B04-9988-3B80DDBDDACC}.Release|x64.Build.0 = Release|iPhone
		{B3B79AA4-2520-4B04-9988-3B80DDBDDACC}.Release|x64.Deploy.0 = Release|iPhone
		{B3B79AA4-2520-4B04-9988-3B80DDBDDACC}.Release|x86.ActiveCfg = Release|iPhone
		{B3B79AA4-2520-4B04-9988-3B80DDBDDACC}.Release|x86.Build.0 = Release|iPhone
		{B3B79AA4-2520-4B04-9988-3B80DDBDDACC}.Release|x86.Deploy.0 = Release|iPhone
		{A7C95ABB-CDA0-42BD-B87B-EED224D73E5F}.Debug|Any CPU.ActiveCfg = Debug|Any CPU
		{A7C95ABB-CDA0-42BD-B87B-EED224D73E5F}.Debug|Any CPU.Build.0 = Debug|Any CPU
		{A7C95ABB-CDA0-42BD-B87B-EED224D73E5F}.Debug|Any CPU.Deploy.0 = Debug|Any CPU
		{A7C95ABB-CDA0-42BD-B87B-EED224D73E5F}.Debug|ARM.ActiveCfg = Debug|Any CPU
		{A7C95ABB-CDA0-42BD-B87B-EED224D73E5F}.Debug|ARM.Build.0 = Debug|Any CPU
		{A7C95ABB-CDA0-42BD-B87B-EED224D73E5F}.Debug|ARM.Deploy.0 = Debug|Any CPU
		{A7C95ABB-CDA0-42BD-B87B-EED224D73E5F}.Debug|iPhone.ActiveCfg = Debug|Any CPU
		{A7C95ABB-CDA0-42BD-B87B-EED224D73E5F}.Debug|iPhone.Build.0 = Debug|Any CPU
		{A7C95ABB-CDA0-42BD-B87B-EED224D73E5F}.Debug|iPhone.Deploy.0 = Debug|Any CPU
		{A7C95ABB-CDA0-42BD-B87B-EED224D73E5F}.Debug|iPhoneSimulator.ActiveCfg = Debug|Any CPU
		{A7C95ABB-CDA0-42BD-B87B-EED224D73E5F}.Debug|iPhoneSimulator.Build.0 = Debug|Any CPU
		{A7C95ABB-CDA0-42BD-B87B-EED224D73E5F}.Debug|iPhoneSimulator.Deploy.0 = Debug|Any CPU
		{A7C95ABB-CDA0-42BD-B87B-EED224D73E5F}.Debug|x64.ActiveCfg = Debug|Any CPU
		{A7C95ABB-CDA0-42BD-B87B-EED224D73E5F}.Debug|x64.Build.0 = Debug|Any CPU
		{A7C95ABB-CDA0-42BD-B87B-EED224D73E5F}.Debug|x64.Deploy.0 = Debug|Any CPU
		{A7C95ABB-CDA0-42BD-B87B-EED224D73E5F}.Debug|x86.ActiveCfg = Debug|Any CPU
		{A7C95ABB-CDA0-42BD-B87B-EED224D73E5F}.Debug|x86.Build.0 = Debug|Any CPU
		{A7C95ABB-CDA0-42BD-B87B-EED224D73E5F}.Debug|x86.Deploy.0 = Debug|Any CPU
		{A7C95ABB-CDA0-42BD-B87B-EED224D73E5F}.Release|Any CPU.ActiveCfg = Release|Any CPU
		{A7C95ABB-CDA0-42BD-B87B-EED224D73E5F}.Release|Any CPU.Build.0 = Release|Any CPU
		{A7C95ABB-CDA0-42BD-B87B-EED224D73E5F}.Release|Any CPU.Deploy.0 = Release|Any CPU
		{A7C95ABB-CDA0-42BD-B87B-EED224D73E5F}.Release|ARM.ActiveCfg = Release|Any CPU
		{A7C95ABB-CDA0-42BD-B87B-EED224D73E5F}.Release|ARM.Build.0 = Release|Any CPU
		{A7C95ABB-CDA0-42BD-B87B-EED224D73E5F}.Release|ARM.Deploy.0 = Release|Any CPU
		{A7C95ABB-CDA0-42BD-B87B-EED224D73E5F}.Release|iPhone.ActiveCfg = Release|Any CPU
		{A7C95ABB-CDA0-42BD-B87B-EED224D73E5F}.Release|iPhone.Build.0 = Release|Any CPU
		{A7C95ABB-CDA0-42BD-B87B-EED224D73E5F}.Release|iPhone.Deploy.0 = Release|Any CPU
		{A7C95ABB-CDA0-42BD-B87B-EED224D73E5F}.Release|iPhoneSimulator.ActiveCfg = Release|Any CPU
		{A7C95ABB-CDA0-42BD-B87B-EED224D73E5F}.Release|iPhoneSimulator.Build.0 = Release|Any CPU
		{A7C95ABB-CDA0-42BD-B87B-EED224D73E5F}.Release|iPhoneSimulator.Deploy.0 = Release|Any CPU
		{A7C95ABB-CDA0-42BD-B87B-EED224D73E5F}.Release|x64.ActiveCfg = Release|Any CPU
		{A7C95ABB-CDA0-42BD-B87B-EED224D73E5F}.Release|x64.Build.0 = Release|Any CPU
		{A7C95ABB-CDA0-42BD-B87B-EED224D73E5F}.Release|x64.Deploy.0 = Release|Any CPU
		{A7C95ABB-CDA0-42BD-B87B-EED224D73E5F}.Release|x86.ActiveCfg = Release|Any CPU
		{A7C95ABB-CDA0-42BD-B87B-EED224D73E5F}.Release|x86.Build.0 = Release|Any CPU
		{A7C95ABB-CDA0-42BD-B87B-EED224D73E5F}.Release|x86.Deploy.0 = Release|Any CPU
	EndGlobalSection
	GlobalSection(SolutionProperties) = preSolution
		HideSolutionNode = FALSE
	EndGlobalSection
	GlobalSection(ExtensibilityGlobals) = postSolution
		SolutionGuid = {E5501F1D-4F8A-447A-BC44-014FB1F8C793}
	EndGlobalSection
EndGlobal
